// Bun lockfile — text JSONC format (Bun 1.2+).
// Generated by Bun v1.2.x.  Edit with care.
//
// This lockfile exercises TWO git source-type forms:
//   1. Full git+https URL  ("is-odd"):  git+https://github.com/jonschlinkert/is-odd.git#3.0.1
//   2. GitHub shorthand    ("is-even"): github:jonschlinkert/is-even#1.0.0
//
// Both resolve to source: "git" in the Mend dependency tree.
// The github: shorthand is syntactic sugar for git+https://github.com/...
// Mend must expand the shorthand before source classification.
{
  "lockfileVersion": 1,

  // workspaces: root-only project (no monorepo members).
  "workspaces": {
    "": {
      "name": "bun-git-sources-probe",
      "dependencies": {
        // Full git URL form — covers the git-dependency pattern.
        "is-odd": "git+https://github.com/jonschlinkert/is-odd.git#3.0.1",
        // GitHub shorthand form — covers the github-shorthand pattern.
        // Bun internally expands this to git+https://github.com/jonschlinkert/is-even.git#1.0.0
        "is-even": "github:jonschlinkert/is-even#1.0.0",
      },
    },
  },

  "packages": {

    // --- git-sourced packages ---
    // Bun records git dependencies using a tuple whose second element contains
    // a "git" descriptor with the resolved commit SHA.

    // Pattern: git-dependency (full git+https URL)
    // Resolved commit: a80ee0d831a8ee69f1fad5b4673491847975eb26 (tag 3.0.1)
    // is-odd@3.0.1 has one production dep: is-number@^6.0.0
    "is-odd": ["is-odd@git+https://github.com/jonschlinkert/is-odd.git#3.0.1", {
      "version": "3.0.1",
      "git": {
        "url": "https://github.com/jonschlinkert/is-odd.git",
        "ref": "3.0.1",
        "sha": "a80ee0d831a8ee69f1fad5b4673491847975eb26",
      },
      "dependencies": {
        "is-number": "^6.0.0",
      },
    }],

    // Pattern: github-shorthand (github: protocol — syntactic sugar for git+https)
    // Resolved commit: a94a9be2783fdd77fa37195e4fabb22fc51e573e (tag 1.0.0)
    // is-even@1.0.0 has one production dep: is-odd@^0.1.2 (resolved from registry — distinct from above)
    "is-even": ["is-even@github:jonschlinkert/is-even#1.0.0", {
      "version": "1.0.0",
      "git": {
        "url": "https://github.com/jonschlinkert/is-even.git",
        "ref": "1.0.0",
        "sha": "a94a9be2783fdd77fa37195e4fabb22fc51e573e",
      },
      "dependencies": {
        "is-odd": "^0.1.2",
      },
    }],

    // --- registry-sourced transitives ---

    // Transitive of is-odd (git): is-number@6.0.0 from npm registry.
    // is-odd@3.0.1 declares "is-number": "^6.0.0"; resolves to 6.0.0 (only published patch).
    "is-number": ["is-number@6.0.0", {}, "sha512-7dFHNmqeFzlagd7TtVAMgdPxEP4tVpBhyMzFGAEqFXc4tcikYJJtkjsGg2T9wm4me0g+Ah1ZEKCNMz4fFLhcg=="],

    // Transitive of is-even (github-shorthand): is-odd@0.1.2 from npm registry.
    // is-even@1.0.0 declares "is-odd": "^0.1.2"; resolves to 0.1.2 (latest in 0.1.x).
    // NOTE: This is a DIFFERENT is-odd than the git-sourced root dep above.
    // Bun tracks registry and git copies separately — both entries coexist in the lockfile.
    "is-odd@0.1.2": ["is-odd@0.1.2", {}, "sha512-Z6qJ/D0ZgzrVCKTQJBQPqQRQ6T/SZO1yNRFBblHHZAzELILH4Tep/B8nqBFNKjDsGnNJPbdQrwbLB4tUFtKA=="],
  },
}
